{
  "name": "frontend",
  "lockfileVersion": 3,
  "requires": true,
  "packages": {
    "": {
      "dependencies": {
        "react-router-dom": "^6.22.0"
      }
    },
    "node_modules/@remix-run/router": {
      "version": "1.15.0",
      "resolved": "https://registry.npmjs.org/@remix-run/router/-/router-1.15.0.tgz",
      "integrity": "sha512-HOil5aFtme37dVQTB6M34G95kPM3MMuqSmIRVCC52eKV+Y/tGSqw9P3rWhlAx6A+mz+MoX+XxsGsNJbaI5qCgQ==",
      "engines": {
        "node": ">=14.0.0"
      }
    },
    "node_modules/react-router": {
      "version": "6.22.0",
      "resolved": "https://registry.npmjs.org/react-router/-/react-router-6.22.0.tgz",
      "integrity": "sha512-q2yemJeg6gw/YixRlRnVx6IRJWZD6fonnfZhN1JIOhV2iJCPeRNSH3V1ISwHf+JWcESzLC3BOLD1T07tmO5dmg==",
      "dependencies": {
        "@remix-run/router": "1.15.0"
      },
      "engines": {
        "node": ">=14.0.0"
      },
      "peerDependencies": {
        "react": ">=16.8"
      }
    },
    "node_modules/react-router-dom": {
      "version": "6.22.0",
      "resolved": "https://registry.npmjs.org/react-router-dom/-/react-router-dom-6.22.0.tgz",
      "integrity": "sha512-z2w+M4tH5wlcLmH3BMMOMdrtrJ9T3oJJNsAlBJbwk+8Syxd5WFJ7J5dxMEW0/GEXD1BBis4uXRrNIz3mORr0ag==",
      "dependencies": {
        "@remix-run/router": "1.15.0",
        "react-router": "6.22.0"
      },
      "engines": {
        "node": ">=14.0.0"
      },
      "peerDependencies": {
        "react": ">=16.8",
        "react-dom": ">=16.8"
      }
    }
  }
}
